// !$*UTF8*$!
{
	archiveVersion = 1;
	classes = {
	};
	objectVersion = 77;
	objects = {

/* Begin PBXBuildFile section */
		220A79682D05940E000A6269 /* UI.framework in Frameworks */ = {isa = PBXBuildFile; fileRef = 220A795E2D05940E000A6269 /* UI.framework */; };
		220A79732D05940E000A6269 /* UI.framework in Frameworks */ = {isa = PBXBuildFile; fileRef = 220A795E2D05940E000A6269 /* UI.framework */; };
		220A79742D05940E000A6269 /* UI.framework in Embed Frameworks */ = {isa = PBXBuildFile; fileRef = 220A795E2D05940E000A6269 /* UI.framework */; settings = {ATTRIBUTES = (CodeSignOnCopy, RemoveHeadersOnCopy, ); }; };
		224563BB2D073B210059242D /* Common.framework in Frameworks */ = {isa = PBXBuildFile; fileRef = 224563B12D073B210059242D /* Common.framework */; };
		224563C62D073B210059242D /* Common.framework in Frameworks */ = {isa = PBXBuildFile; fileRef = 224563B12D073B210059242D /* Common.framework */; };
		224563C72D073B210059242D /* Common.framework in Embed Frameworks */ = {isa = PBXBuildFile; fileRef = 224563B12D073B210059242D /* Common.framework */; settings = {ATTRIBUTES = (CodeSignOnCopy, RemoveHeadersOnCopy, ); }; };
		224563DC2D073B770059242D /* Common.framework in Frameworks */ = {isa = PBXBuildFile; fileRef = 224563B12D073B210059242D /* Common.framework */; };
		224563DD2D073B770059242D /* Common.framework in Embed Frameworks */ = {isa = PBXBuildFile; fileRef = 224563B12D073B210059242D /* Common.framework */; settings = {ATTRIBUTES = (CodeSignOnCopy, RemoveHeadersOnCopy, ); }; };
		224BD2BF2D530BD600E32DBB /* Engine.framework in Frameworks */ = {isa = PBXBuildFile; fileRef = 224BD2B72D530BD600E32DBB /* Engine.framework */; };
		224BD2CA2D530BD600E32DBB /* Engine.framework in Frameworks */ = {isa = PBXBuildFile; fileRef = 224BD2B72D530BD600E32DBB /* Engine.framework */; };
		224BD2CB2D530BD600E32DBB /* Engine.framework in Embed Frameworks */ = {isa = PBXBuildFile; fileRef = 224BD2B72D530BD600E32DBB /* Engine.framework */; settings = {ATTRIBUTES = (CodeSignOnCopy, RemoveHeadersOnCopy, ); }; };
		224E86CF2D4F160A0040D96E /* ExternalTools in Resources */ = {isa = PBXBuildFile; fileRef = 224E86CE2D4F160A0040D96E /* ExternalTools */; };
		22B1B3972CFE0CDF003EA919 /* libmpv.2.dylib in Frameworks */ = {isa = PBXBuildFile; fileRef = 22B1B3962CFE0CDF003EA919 /* libmpv.2.dylib */; };
/* End PBXBuildFile section */

/* Begin PBXContainerItemProxy section */
		220A79692D05940E000A6269 /* PBXContainerItemProxy */ = {
			isa = PBXContainerItemProxy;
			containerPortal = 22B378C02CF92D4A000B72E9 /* Project object */;
			proxyType = 1;
			remoteGlobalIDString = 220A795D2D05940E000A6269;
			remoteInfo = UI;
		};
		220A796B2D05940E000A6269 /* PBXContainerItemProxy */ = {
			isa = PBXContainerItemProxy;
			containerPortal = 22B378C02CF92D4A000B72E9 /* Project object */;
			proxyType = 1;
			remoteGlobalIDString = 22B378C72CF92D4B000B72E9;
			remoteInfo = VideoFactory;
		};
		220A79712D05940E000A6269 /* PBXContainerItemProxy */ = {
			isa = PBXContainerItemProxy;
			containerPortal = 22B378C02CF92D4A000B72E9 /* Project object */;
			proxyType = 1;
			remoteGlobalIDString = 220A795D2D05940E000A6269;
			remoteInfo = UI;
		};
		224563BC2D073B210059242D /* PBXContainerItemProxy */ = {
			isa = PBXContainerItemProxy;
			containerPortal = 22B378C02CF92D4A000B72E9 /* Project object */;
			proxyType = 1;
			remoteGlobalIDString = 224563B02D073B210059242D;
			remoteInfo = Common;
		};
		224563BE2D073B210059242D /* PBXContainerItemProxy */ = {
			isa = PBXContainerItemProxy;
			containerPortal = 22B378C02CF92D4A000B72E9 /* Project object */;
			proxyType = 1;
			remoteGlobalIDString = 22B378C72CF92D4B000B72E9;
			remoteInfo = VideoFactory;
		};
		224563C42D073B210059242D /* PBXContainerItemProxy */ = {
			isa = PBXContainerItemProxy;
			containerPortal = 22B378C02CF92D4A000B72E9 /* Project object */;
			proxyType = 1;
			remoteGlobalIDString = 224563B02D073B210059242D;
			remoteInfo = Common;
		};
		224563DE2D073B770059242D /* PBXContainerItemProxy */ = {
			isa = PBXContainerItemProxy;
			containerPortal = 22B378C02CF92D4A000B72E9 /* Project object */;
			proxyType = 1;
			remoteGlobalIDString = 224563B02D073B210059242D;
			remoteInfo = Common;
		};
		224BD2C02D530BD600E32DBB /* PBXContainerItemProxy */ = {
			isa = PBXContainerItemProxy;
			containerPortal = 22B378C02CF92D4A000B72E9 /* Project object */;
			proxyType = 1;
			remoteGlobalIDString = 224BD2B62D530BD600E32DBB;
			remoteInfo = Engine;
		};
		224BD2C22D530BD600E32DBB /* PBXContainerItemProxy */ = {
			isa = PBXContainerItemProxy;
			containerPortal = 22B378C02CF92D4A000B72E9 /* Project object */;
			proxyType = 1;
			remoteGlobalIDString = 22B378C72CF92D4B000B72E9;
			remoteInfo = VideoFactory;
		};
		224BD2C82D530BD600E32DBB /* PBXContainerItemProxy */ = {
			isa = PBXContainerItemProxy;
			containerPortal = 22B378C02CF92D4A000B72E9 /* Project object */;
			proxyType = 1;
			remoteGlobalIDString = 224BD2B62D530BD600E32DBB;
			remoteInfo = Engine;
		};
		22B378DC2CF92D4C000B72E9 /* PBXContainerItemProxy */ = {
			isa = PBXContainerItemProxy;
			containerPortal = 22B378C02CF92D4A000B72E9 /* Project object */;
			proxyType = 1;
			remoteGlobalIDString = 22B378C72CF92D4B000B72E9;
			remoteInfo = VideoFactory;
		};
		22B378E62CF92D4C000B72E9 /* PBXContainerItemProxy */ = {
			isa = PBXContainerItemProxy;
			containerPortal = 22B378C02CF92D4A000B72E9 /* Project object */;
			proxyType = 1;
			remoteGlobalIDString = 22B378C72CF92D4B000B72E9;
			remoteInfo = VideoFactory;
		};
/* End PBXContainerItemProxy section */

/* Begin PBXCopyFilesBuildPhase section */
		220A79792D05940E000A6269 /* Embed Frameworks */ = {
			isa = PBXCopyFilesBuildPhase;
			buildActionMask = 2147483647;
			dstPath = "";
			dstSubfolderSpec = 10;
			files = (
				224563C72D073B210059242D /* Common.framework in Embed Frameworks */,
				220A79742D05940E000A6269 /* UI.framework in Embed Frameworks */,
				224BD2CB2D530BD600E32DBB /* Engine.framework in Embed Frameworks */,
			);
			name = "Embed Frameworks";
			runOnlyForDeploymentPostprocessing = 0;
		};
		224563E02D073B780059242D /* Embed Frameworks */ = {
			isa = PBXCopyFilesBuildPhase;
			buildActionMask = 2147483647;
			dstPath = "";
			dstSubfolderSpec = 10;
			files = (
				224563DD2D073B770059242D /* Common.framework in Embed Frameworks */,
			);
			name = "Embed Frameworks";
			runOnlyForDeploymentPostprocessing = 0;
		};
/* End PBXCopyFilesBuildPhase section */

/* Begin PBXFileReference section */
		220A795E2D05940E000A6269 /* UI.framework */ = {isa = PBXFileReference; explicitFileType = wrapper.framework; includeInIndex = 0; path = UI.framework; sourceTree = BUILT_PRODUCTS_DIR; };
		220A79672D05940E000A6269 /* UITests.xctest */ = {isa = PBXFileReference; explicitFileType = wrapper.cfbundle; includeInIndex = 0; path = UITests.xctest; sourceTree = BUILT_PRODUCTS_DIR; };
		224563B12D073B210059242D /* Common.framework */ = {isa = PBXFileReference; explicitFileType = wrapper.framework; includeInIndex = 0; path = Common.framework; sourceTree = BUILT_PRODUCTS_DIR; };
		224563BA2D073B210059242D /* CommonTests.xctest */ = {isa = PBXFileReference; explicitFileType = wrapper.cfbundle; includeInIndex = 0; path = CommonTests.xctest; sourceTree = BUILT_PRODUCTS_DIR; };
		224BD2B72D530BD600E32DBB /* Engine.framework */ = {isa = PBXFileReference; explicitFileType = wrapper.framework; includeInIndex = 0; path = Engine.framework; sourceTree = BUILT_PRODUCTS_DIR; };
		224BD2BE2D530BD600E32DBB /* EngineTests.xctest */ = {isa = PBXFileReference; explicitFileType = wrapper.cfbundle; includeInIndex = 0; path = EngineTests.xctest; sourceTree = BUILT_PRODUCTS_DIR; };
		224E86CE2D4F160A0040D96E /* ExternalTools */ = {isa = PBXFileReference; lastKnownFileType = folder; path = ExternalTools; sourceTree = "<group>"; };
		22B1B3962CFE0CDF003EA919 /* libmpv.2.dylib */ = {isa = PBXFileReference; lastKnownFileType = "compiled.mach-o.dylib"; name = libmpv.2.dylib; path = ../../../../../../opt/homebrew/Cellar/mpv/0.39.0_1/lib/libmpv.2.dylib; sourceTree = "<group>"; };
		22B378C82CF92D4B000B72E9 /* VideoFactory.app */ = {isa = PBXFileReference; explicitFileType = wrapper.application; includeInIndex = 0; path = VideoFactory.app; sourceTree = BUILT_PRODUCTS_DIR; };
		22B378DB2CF92D4C000B72E9 /* VideoFactoryTests.xctest */ = {isa = PBXFileReference; explicitFileType = wrapper.cfbundle; includeInIndex = 0; path = VideoFactoryTests.xctest; sourceTree = BUILT_PRODUCTS_DIR; };
		22B378E52CF92D4C000B72E9 /* VideoFactoryUITests.xctest */ = {isa = PBXFileReference; explicitFileType = wrapper.cfbundle; includeInIndex = 0; path = VideoFactoryUITests.xctest; sourceTree = BUILT_PRODUCTS_DIR; };
/* End PBXFileReference section */

/* Begin PBXFileSystemSynchronizedBuildFileExceptionSet section */
		220A79752D05940E000A6269 /* Exceptions for "UI" folder in "UI" target */ = {
			isa = PBXFileSystemSynchronizedBuildFileExceptionSet;
			publicHeaders = (
				UI.h,
			);
			target = 220A795D2D05940E000A6269 /* UI */;
		};
		224563C82D073B210059242D /* Exceptions for "Common" folder in "Common" target */ = {
			isa = PBXFileSystemSynchronizedBuildFileExceptionSet;
			publicHeaders = (
				Common.h,
			);
			target = 224563B02D073B210059242D /* Common */;
		};
		224BD2CF2D530BD600E32DBB /* Exceptions for "Engine" folder in "Engine" target */ = {
			isa = PBXFileSystemSynchronizedBuildFileExceptionSet;
			publicHeaders = (
				AudioProcessorBridge.h,
				Engine.h,
			);
			target = 224BD2B62D530BD600E32DBB /* Engine */;
		};
		224E86CD2D4F15EF0040D96E /* Exceptions for "VideoFactory" folder in "VideoFactory" target */ = {
			isa = PBXFileSystemSynchronizedBuildFileExceptionSet;
			membershipExceptions = (
				Assets.xcassets,
				"Preview Content/Preview Assets.xcassets",
				tasks.txt,
			);
			target = 22B378C72CF92D4B000B72E9 /* VideoFactory */;
		};
/* End PBXFileSystemSynchronizedBuildFileExceptionSet section */

/* Begin PBXFileSystemSynchronizedRootGroup section */
		220A795F2D05940E000A6269 /* UI */ = {
			isa = PBXFileSystemSynchronizedRootGroup;
			exceptions = (
				220A79752D05940E000A6269 /* Exceptions for "UI" folder in "UI" target */,
			);
			path = UI;
			sourceTree = "<group>";
		};
		220A796D2D05940E000A6269 /* UITests */ = {
			isa = PBXFileSystemSynchronizedRootGroup;
			path = UITests;
			sourceTree = "<group>";
		};
		224563B22D073B210059242D /* Common */ = {
			isa = PBXFileSystemSynchronizedRootGroup;
			exceptions = (
				224563C82D073B210059242D /* Exceptions for "Common" folder in "Common" target */,
			);
			path = Common;
			sourceTree = "<group>";
		};
		224563C02D073B210059242D /* CommonTests */ = {
			isa = PBXFileSystemSynchronizedRootGroup;
			path = CommonTests;
			sourceTree = "<group>";
		};
		224BD2B82D530BD600E32DBB /* Engine */ = {
			isa = PBXFileSystemSynchronizedRootGroup;
			exceptions = (
				224BD2CF2D530BD600E32DBB /* Exceptions for "Engine" folder in "Engine" target */,
			);
			path = Engine;
			sourceTree = "<group>";
		};
		224BD2C42D530BD600E32DBB /* EngineTests */ = {
			isa = PBXFileSystemSynchronizedRootGroup;
			path = EngineTests;
			sourceTree = "<group>";
		};
		22B378CA2CF92D4B000B72E9 /* VideoFactory */ = {
			isa = PBXFileSystemSynchronizedRootGroup;
			exceptions = (
				224E86CD2D4F15EF0040D96E /* Exceptions for "VideoFactory" folder in "VideoFactory" target */,
			);
			path = VideoFactory;
			sourceTree = "<group>";
		};
		22B378DE2CF92D4C000B72E9 /* VideoFactoryTests */ = {
			isa = PBXFileSystemSynchronizedRootGroup;
			path = VideoFactoryTests;
			sourceTree = "<group>";
		};
		22B378E82CF92D4C000B72E9 /* VideoFactoryUITests */ = {
			isa = PBXFileSystemSynchronizedRootGroup;
			path = VideoFactoryUITests;
			sourceTree = "<group>";
		};
/* End PBXFileSystemSynchronizedRootGroup section */

/* Begin PBXFrameworksBuildPhase section */
		220A795B2D05940E000A6269 /* Frameworks */ = {
			isa = PBXFrameworksBuildPhase;
			buildActionMask = 2147483647;
			files = (
				224563DC2D073B770059242D /* Common.framework in Frameworks */,
			);
			runOnlyForDeploymentPostprocessing = 0;
		};
		220A79642D05940E000A6269 /* Frameworks */ = {
			isa = PBXFrameworksBuildPhase;
			buildActionMask = 2147483647;
			files = (
				220A79682D05940E000A6269 /* UI.framework in Frameworks */,
			);
			runOnlyForDeploymentPostprocessing = 0;
		};
		224563AE2D073B210059242D /* Frameworks */ = {
			isa = PBXFrameworksBuildPhase;
			buildActionMask = 2147483647;
			files = (
			);
			runOnlyForDeploymentPostprocessing = 0;
		};
		224563B72D073B210059242D /* Frameworks */ = {
			isa = PBXFrameworksBuildPhase;
			buildActionMask = 2147483647;
			files = (
				224563BB2D073B210059242D /* Common.framework in Frameworks */,
			);
			runOnlyForDeploymentPostprocessing = 0;
		};
		224BD2B42D530BD600E32DBB /* Frameworks */ = {
			isa = PBXFrameworksBuildPhase;
			buildActionMask = 2147483647;
			files = (
			);
			runOnlyForDeploymentPostprocessing = 0;
		};
		224BD2BB2D530BD600E32DBB /* Frameworks */ = {
			isa = PBXFrameworksBuildPhase;
			buildActionMask = 2147483647;
			files = (
				224BD2BF2D530BD600E32DBB /* Engine.framework in Frameworks */,
			);
			runOnlyForDeploymentPostprocessing = 0;
		};
		22B378C52CF92D4B000B72E9 /* Frameworks */ = {
			isa = PBXFrameworksBuildPhase;
			buildActionMask = 2147483647;
			files = (
				220A79732D05940E000A6269 /* UI.framework in Frameworks */,
				224563C62D073B210059242D /* Common.framework in Frameworks */,
				224BD2CA2D530BD600E32DBB /* Engine.framework in Frameworks */,
				22B1B3972CFE0CDF003EA919 /* libmpv.2.dylib in Frameworks */,
			);
			runOnlyForDeploymentPostprocessing = 0;
		};
		22B378D82CF92D4C000B72E9 /* Frameworks */ = {
			isa = PBXFrameworksBuildPhase;
			buildActionMask = 2147483647;
			files = (
			);
			runOnlyForDeploymentPostprocessing = 0;
		};
		22B378E22CF92D4C000B72E9 /* Frameworks */ = {
			isa = PBXFrameworksBuildPhase;
			buildActionMask = 2147483647;
			files = (
			);
			runOnlyForDeploymentPostprocessing = 0;
		};
/* End PBXFrameworksBuildPhase section */

/* Begin PBXGroup section */
		22B1B37B2CFA1F1D003EA919 /* Frameworks */ = {
			isa = PBXGroup;
			children = (
				22B1B3962CFE0CDF003EA919 /* libmpv.2.dylib */,
			);
			name = Frameworks;
			sourceTree = "<group>";
		};
		22B378BF2CF92D4A000B72E9 = {
			isa = PBXGroup;
			children = (
				224E86CE2D4F160A0040D96E /* ExternalTools */,
				22B378CA2CF92D4B000B72E9 /* VideoFactory */,
				22B378DE2CF92D4C000B72E9 /* VideoFactoryTests */,
				22B378E82CF92D4C000B72E9 /* VideoFactoryUITests */,
				220A795F2D05940E000A6269 /* UI */,
				220A796D2D05940E000A6269 /* UITests */,
				224563B22D073B210059242D /* Common */,
				224563C02D073B210059242D /* CommonTests */,
				224BD2B82D530BD600E32DBB /* Engine */,
				224BD2C42D530BD600E32DBB /* EngineTests */,
				22B1B37B2CFA1F1D003EA919 /* Frameworks */,
				22B378C92CF92D4B000B72E9 /* Products */,
			);
			sourceTree = "<group>";
		};
		22B378C92CF92D4B000B72E9 /* Products */ = {
			isa = PBXGroup;
			children = (
				22B378C82CF92D4B000B72E9 /* VideoFactory.app */,
				22B378DB2CF92D4C000B72E9 /* VideoFactoryTests.xctest */,
				22B378E52CF92D4C000B72E9 /* VideoFactoryUITests.xctest */,
				220A795E2D05940E000A6269 /* UI.framework */,
				220A79672D05940E000A6269 /* UITests.xctest */,
				224563B12D073B210059242D /* Common.framework */,
				224563BA2D073B210059242D /* CommonTests.xctest */,
				224BD2B72D530BD600E32DBB /* Engine.framework */,
				224BD2BE2D530BD600E32DBB /* EngineTests.xctest */,
			);
			name = Products;
			sourceTree = "<group>";
		};
/* End PBXGroup section */

/* Begin PBXHeadersBuildPhase section */
		220A79592D05940E000A6269 /* Headers */ = {
			isa = PBXHeadersBuildPhase;
			buildActionMask = 2147483647;
			files = (
			);
			runOnlyForDeploymentPostprocessing = 0;
		};
		224563AC2D073B210059242D /* Headers */ = {
			isa = PBXHeadersBuildPhase;
			buildActionMask = 2147483647;
			files = (
			);
			runOnlyForDeploymentPostprocessing = 0;
		};
		224BD2B22D530BD600E32DBB /* Headers */ = {
			isa = PBXHeadersBuildPhase;
			buildActionMask = 2147483647;
			files = (
			);
			runOnlyForDeploymentPostprocessing = 0;
		};
/* End PBXHeadersBuildPhase section */

/* Begin PBXNativeTarget section */
		220A795D2D05940E000A6269 /* UI */ = {
			isa = PBXNativeTarget;
			buildConfigurationList = 220A79762D05940E000A6269 /* Build configuration list for PBXNativeTarget "UI" */;
			buildPhases = (
				220A79592D05940E000A6269 /* Headers */,
				220A795A2D05940E000A6269 /* Sources */,
				220A795B2D05940E000A6269 /* Frameworks */,
				220A795C2D05940E000A6269 /* Resources */,
				224563E02D073B780059242D /* Embed Frameworks */,
			);
			buildRules = (
			);
			dependencies = (
				224563DF2D073B770059242D /* PBXTargetDependency */,
			);
			fileSystemSynchronizedGroups = (
				220A795F2D05940E000A6269 /* UI */,
			);
			name = UI;
			packageProductDependencies = (
			);
			productName = UI;
			productReference = 220A795E2D05940E000A6269 /* UI.framework */;
			productType = "com.apple.product-type.framework";
		};
		220A79662D05940E000A6269 /* UITests */ = {
			isa = PBXNativeTarget;
			buildConfigurationList = 220A797A2D05940E000A6269 /* Build configuration list for PBXNativeTarget "UITests" */;
			buildPhases = (
				220A79632D05940E000A6269 /* Sources */,
				220A79642D05940E000A6269 /* Frameworks */,
				220A79652D05940E000A6269 /* Resources */,
			);
			buildRules = (
			);
			dependencies = (
				220A796A2D05940E000A6269 /* PBXTargetDependency */,
				220A796C2D05940E000A6269 /* PBXTargetDependency */,
			);
			fileSystemSynchronizedGroups = (
				220A796D2D05940E000A6269 /* UITests */,
			);
			name = UITests;
			packageProductDependencies = (
			);
			productName = UITests;
			productReference = 220A79672D05940E000A6269 /* UITests.xctest */;
			productType = "com.apple.product-type.bundle.unit-test";
		};
		224563B02D073B210059242D /* Common */ = {
			isa = PBXNativeTarget;
			buildConfigurationList = 224563C92D073B210059242D /* Build configuration list for PBXNativeTarget "Common" */;
			buildPhases = (
				224563AC2D073B210059242D /* Headers */,
				224563AD2D073B210059242D /* Sources */,
				224563AE2D073B210059242D /* Frameworks */,
				224563AF2D073B210059242D /* Resources */,
			);
			buildRules = (
			);
			dependencies = (
			);
			fileSystemSynchronizedGroups = (
				224563B22D073B210059242D /* Common */,
			);
			name = Common;
			packageProductDependencies = (
			);
			productName = Common;
			productReference = 224563B12D073B210059242D /* Common.framework */;
			productType = "com.apple.product-type.framework";
		};
		224563B92D073B210059242D /* CommonTests */ = {
			isa = PBXNativeTarget;
			buildConfigurationList = 224563CC2D073B210059242D /* Build configuration list for PBXNativeTarget "CommonTests" */;
			buildPhases = (
				224563B62D073B210059242D /* Sources */,
				224563B72D073B210059242D /* Frameworks */,
				224563B82D073B210059242D /* Resources */,
			);
			buildRules = (
			);
			dependencies = (
				224563BD2D073B210059242D /* PBXTargetDependency */,
				224563BF2D073B210059242D /* PBXTargetDependency */,
			);
			fileSystemSynchronizedGroups = (
				224563C02D073B210059242D /* CommonTests */,
			);
			name = CommonTests;
			packageProductDependencies = (
			);
			productName = CommonTests;
			productReference = 224563BA2D073B210059242D /* CommonTests.xctest */;
			productType = "com.apple.product-type.bundle.unit-test";
		};
		224BD2B62D530BD600E32DBB /* Engine */ = {
			isa = PBXNativeTarget;
			buildConfigurationList = 224BD2CC2D530BD600E32DBB /* Build configuration list for PBXNativeTarget "Engine" */;
			buildPhases = (
				224BD2B22D530BD600E32DBB /* Headers */,
				224BD2B32D530BD600E32DBB /* Sources */,
				224BD2B42D530BD600E32DBB /* Frameworks */,
				224BD2B52D530BD600E32DBB /* Resources */,
			);
			buildRules = (
			);
			dependencies = (
			);
			fileSystemSynchronizedGroups = (
				224BD2B82D530BD600E32DBB /* Engine */,
			);
			name = Engine;
			packageProductDependencies = (
			);
			productName = Engine;
			productReference = 224BD2B72D530BD600E32DBB /* Engine.framework */;
			productType = "com.apple.product-type.framework";
		};
		224BD2BD2D530BD600E32DBB /* EngineTests */ = {
			isa = PBXNativeTarget;
			buildConfigurationList = 224BD2D02D530BD600E32DBB /* Build configuration list for PBXNativeTarget "EngineTests" */;
			buildPhases = (
				224BD2BA2D530BD600E32DBB /* Sources */,
				224BD2BB2D530BD600E32DBB /* Frameworks */,
				224BD2BC2D530BD600E32DBB /* Resources */,
			);
			buildRules = (
			);
			dependencies = (
				224BD2C12D530BD600E32DBB /* PBXTargetDependency */,
				224BD2C32D530BD600E32DBB /* PBXTargetDependency */,
			);
			fileSystemSynchronizedGroups = (
				224BD2C42D530BD600E32DBB /* EngineTests */,
			);
			name = EngineTests;
			packageProductDependencies = (
			);
			productName = EngineTests;
			productReference = 224BD2BE2D530BD600E32DBB /* EngineTests.xctest */;
			productType = "com.apple.product-type.bundle.unit-test";
		};
		22B378C72CF92D4B000B72E9 /* VideoFactory */ = {
			isa = PBXNativeTarget;
			buildConfigurationList = 22B378EF2CF92D4C000B72E9 /* Build configuration list for PBXNativeTarget "VideoFactory" */;
			buildPhases = (
				22B378C42CF92D4B000B72E9 /* Sources */,
				22B378C52CF92D4B000B72E9 /* Frameworks */,
				22B378C62CF92D4B000B72E9 /* Resources */,
				220A79792D05940E000A6269 /* Embed Frameworks */,
			);
			buildRules = (
			);
			dependencies = (
				220A79722D05940E000A6269 /* PBXTargetDependency */,
				224563C52D073B210059242D /* PBXTargetDependency */,
				224BD2C92D530BD600E32DBB /* PBXTargetDependency */,
			);
			fileSystemSynchronizedGroups = (
				22B378CA2CF92D4B000B72E9 /* VideoFactory */,
			);
			name = VideoFactory;
			packageProductDependencies = (
			);
			productName = VideoFactory;
			productReference = 22B378C82CF92D4B000B72E9 /* VideoFactory.app */;
			productType = "com.apple.product-type.application";
		};
		22B378DA2CF92D4C000B72E9 /* VideoFactoryTests */ = {
			isa = PBXNativeTarget;
			buildConfigurationList = 22B378F22CF92D4C000B72E9 /* Build configuration list for PBXNativeTarget "VideoFactoryTests" */;
			buildPhases = (
				22B378D72CF92D4C000B72E9 /* Sources */,
				22B378D82CF92D4C000B72E9 /* Frameworks */,
				22B378D92CF92D4C000B72E9 /* Resources */,
			);
			buildRules = (
			);
			dependencies = (
				22B378DD2CF92D4C000B72E9 /* PBXTargetDependency */,
			);
			fileSystemSynchronizedGroups = (
				22B378DE2CF92D4C000B72E9 /* VideoFactoryTests */,
			);
			name = VideoFactoryTests;
			packageProductDependencies = (
			);
			productName = VideoFactoryTests;
			productReference = 22B378DB2CF92D4C000B72E9 /* VideoFactoryTests.xctest */;
			productType = "com.apple.product-type.bundle.unit-test";
		};
		22B378E42CF92D4C000B72E9 /* VideoFactoryUITests */ = {
			isa = PBXNativeTarget;
			buildConfigurationList = 22B378F52CF92D4C000B72E9 /* Build configuration list for PBXNativeTarget "VideoFactoryUITests" */;
			buildPhases = (
				22B378E12CF92D4C000B72E9 /* Sources */,
				22B378E22CF92D4C000B72E9 /* Frameworks */,
				22B378E32CF92D4C000B72E9 /* Resources */,
			);
			buildRules = (
			);
			dependencies = (
				22B378E72CF92D4C000B72E9 /* PBXTargetDependency */,
			);
			fileSystemSynchronizedGroups = (
				22B378E82CF92D4C000B72E9 /* VideoFactoryUITests */,
			);
			name = VideoFactoryUITests;
			packageProductDependencies = (
			);
			productName = VideoFactoryUITests;
			productReference = 22B378E52CF92D4C000B72E9 /* VideoFactoryUITests.xctest */;
			productType = "com.apple.product-type.bundle.ui-testing";
		};
/* End PBXNativeTarget section */

/* Begin PBXProject section */
		22B378C02CF92D4A000B72E9 /* Project object */ = {
			isa = PBXProject;
			attributes = {
				BuildIndependentTargetsInParallel = 1;
				LastSwiftUpdateCheck = 1620;
				LastUpgradeCheck = 1620;
				TargetAttributes = {
					220A795D2D05940E000A6269 = {
						CreatedOnToolsVersion = 16.1;
					};
					220A79662D05940E000A6269 = {
						CreatedOnToolsVersion = 16.1;
						TestTargetID = 22B378C72CF92D4B000B72E9;
					};
					224563B02D073B210059242D = {
						CreatedOnToolsVersion = 16.1;
					};
					224563B92D073B210059242D = {
						CreatedOnToolsVersion = 16.1;
						TestTargetID = 22B378C72CF92D4B000B72E9;
					};
					224BD2B62D530BD600E32DBB = {
						CreatedOnToolsVersion = 16.2;
						LastSwiftMigration = 1620;
					};
					224BD2BD2D530BD600E32DBB = {
						CreatedOnToolsVersion = 16.2;
						TestTargetID = 22B378C72CF92D4B000B72E9;
					};
					22B378C72CF92D4B000B72E9 = {
						CreatedOnToolsVersion = 16.1;
						LastSwiftMigration = 1610;
					};
					22B378DA2CF92D4C000B72E9 = {
						CreatedOnToolsVersion = 16.1;
						TestTargetID = 22B378C72CF92D4B000B72E9;
					};
					22B378E42CF92D4C000B72E9 = {
						CreatedOnToolsVersion = 16.1;
						TestTargetID = 22B378C72CF92D4B000B72E9;
					};
				};
			};
			buildConfigurationList = 22B378C32CF92D4A000B72E9 /* Build configuration list for PBXProject "VideoFactory" */;
			developmentRegion = en;
			hasScannedForEncodings = 0;
			knownRegions = (
				en,
				Base,
			);
			mainGroup = 22B378BF2CF92D4A000B72E9;
			minimizedProjectReferenceProxies = 1;
			packageReferences = (
			);
			preferredProjectObjectVersion = 77;
			productRefGroup = 22B378C92CF92D4B000B72E9 /* Products */;
			projectDirPath = "";
			projectRoot = "";
			targets = (
				22B378C72CF92D4B000B72E9 /* VideoFactory */,
				22B378DA2CF92D4C000B72E9 /* VideoFactoryTests */,
				22B378E42CF92D4C000B72E9 /* VideoFactoryUITests */,
				220A795D2D05940E000A6269 /* UI */,
				220A79662D05940E000A6269 /* UITests */,
				224563B02D073B210059242D /* Common */,
				224563B92D073B210059242D /* CommonTests */,
				224BD2B62D530BD600E32DBB /* Engine */,
				224BD2BD2D530BD600E32DBB /* EngineTests */,
			);
		};
/* End PBXProject section */

/* Begin PBXResourcesBuildPhase section */
		220A795C2D05940E000A6269 /* Resources */ = {
			isa = PBXResourcesBuildPhase;
			buildActionMask = 2147483647;
			files = (
			);
			runOnlyForDeploymentPostprocessing = 0;
		};
		220A79652D05940E000A6269 /* Resources */ = {
			isa = PBXResourcesBuildPhase;
			buildActionMask = 2147483647;
			files = (
			);
			runOnlyForDeploymentPostprocessing = 0;
		};
		224563AF2D073B210059242D /* Resources */ = {
			isa = PBXResourcesBuildPhase;
			buildActionMask = 2147483647;
			files = (
			);
			runOnlyForDeploymentPostprocessing = 0;
		};
		224563B82D073B210059242D /* Resources */ = {
			isa = PBXResourcesBuildPhase;
			buildActionMask = 2147483647;
			files = (
			);
			runOnlyForDeploymentPostprocessing = 0;
		};
		224BD2B52D530BD600E32DBB /* Resources */ = {
			isa = PBXResourcesBuildPhase;
			buildActionMask = 2147483647;
			files = (
			);
			runOnlyForDeploymentPostprocessing = 0;
		};
		224BD2BC2D530BD600E32DBB /* Resources */ = {
			isa = PBXResourcesBuildPhase;
			buildActionMask = 2147483647;
			files = (
			);
			runOnlyForDeploymentPostprocessing = 0;
		};
		22B378C62CF92D4B000B72E9 /* Resources */ = {
			isa = PBXResourcesBuildPhase;
			buildActionMask = 2147483647;
			files = (
				224E86CF2D4F160A0040D96E /* ExternalTools in Resources */,
			);
			runOnlyForDeploymentPostprocessing = 0;
		};
		22B378D92CF92D4C000B72E9 /* Resources */ = {
			isa = PBXResourcesBuildPhase;
			buildActionMask = 2147483647;
			files = (
			);
			runOnlyForDeploymentPostprocessing = 0;
		};
		22B378E32CF92D4C000B72E9 /* Resources */ = {
			isa = PBXResourcesBuildPhase;
			buildActionMask = 2147483647;
			files = (
			);
			runOnlyForDeploymentPostprocessing = 0;
		};
/* End PBXResourcesBuildPhase section */

/* Begin PBXSourcesBuildPhase section */
		220A795A2D05940E000A6269 /* Sources */ = {
			isa = PBXSourcesBuildPhase;
			buildActionMask = 2147483647;
			files = (
			);
			runOnlyForDeploymentPostprocessing = 0;
		};
		220A79632D05940E000A6269 /* Sources */ = {
			isa = PBXSourcesBuildPhase;
			buildActionMask = 2147483647;
			files = (
			);
			runOnlyForDeploymentPostprocessing = 0;
		};
		224563AD2D073B210059242D /* Sources */ = {
			isa = PBXSourcesBuildPhase;
			buildActionMask = 2147483647;
			files = (
			);
			runOnlyForDeploymentPostprocessing = 0;
		};
		224563B62D073B210059242D /* Sources */ = {
			isa = PBXSourcesBuildPhase;
			buildActionMask = 2147483647;
			files = (
			);
			runOnlyForDeploymentPostprocessing = 0;
		};
		224BD2B32D530BD600E32DBB /* Sources */ = {
			isa = PBXSourcesBuildPhase;
			buildActionMask = 2147483647;
			files = (
			);
			runOnlyForDeploymentPostprocessing = 0;
		};
		224BD2BA2D530BD600E32DBB /* Sources */ = {
			isa = PBXSourcesBuildPhase;
			buildActionMask = 2147483647;
			files = (
			);
			runOnlyForDeploymentPostprocessing = 0;
		};
		22B378C42CF92D4B000B72E9 /* Sources */ = {
			isa = PBXSourcesBuildPhase;
			buildActionMask = 2147483647;
			files = (
			);
			runOnlyForDeploymentPostprocessing = 0;
		};
		22B378D72CF92D4C000B72E9 /* Sources */ = {
			isa = PBXSourcesBuildPhase;
			buildActionMask = 2147483647;
			files = (
			);
			runOnlyForDeploymentPostprocessing = 0;
		};
		22B378E12CF92D4C000B72E9 /* Sources */ = {
			isa = PBXSourcesBuildPhase;
			buildActionMask = 2147483647;
			files = (
			);
			runOnlyForDeploymentPostprocessing = 0;
		};
/* End PBXSourcesBuildPhase section */

/* Begin PBXTargetDependency section */
		220A796A2D05940E000A6269 /* PBXTargetDependency */ = {
			isa = PBXTargetDependency;
			target = 220A795D2D05940E000A6269 /* UI */;
			targetProxy = 220A79692D05940E000A6269 /* PBXContainerItemProxy */;
		};
		220A796C2D05940E000A6269 /* PBXTargetDependency */ = {
			isa = PBXTargetDependency;
			target = 22B378C72CF92D4B000B72E9 /* VideoFactory */;
			targetProxy = 220A796B2D05940E000A6269 /* PBXContainerItemProxy */;
		};
		220A79722D05940E000A6269 /* PBXTargetDependency */ = {
			isa = PBXTargetDependency;
			target = 220A795D2D05940E000A6269 /* UI */;
			targetProxy = 220A79712D05940E000A6269 /* PBXContainerItemProxy */;
		};
		224563BD2D073B210059242D /* PBXTargetDependency */ = {
			isa = PBXTargetDependency;
			target = 224563B02D073B210059242D /* Common */;
			targetProxy = 224563BC2D073B210059242D /* PBXContainerItemProxy */;
		};
		224563BF2D073B210059242D /* PBXTargetDependency */ = {
			isa = PBXTargetDependency;
			target = 22B378C72CF92D4B000B72E9 /* VideoFactory */;
			targetProxy = 224563BE2D073B210059242D /* PBXContainerItemProxy */;
		};
		224563C52D073B210059242D /* PBXTargetDependency */ = {
			isa = PBXTargetDependency;
			target = 224563B02D073B210059242D /* Common */;
			targetProxy = 224563C42D073B210059242D /* PBXContainerItemProxy */;
		};
		224563DF2D073B770059242D /* PBXTargetDependency */ = {
			isa = PBXTargetDependency;
			target = 224563B02D073B210059242D /* Common */;
			targetProxy = 224563DE2D073B770059242D /* PBXContainerItemProxy */;
		};
		224BD2C12D530BD600E32DBB /* PBXTargetDependency */ = {
			isa = PBXTargetDependency;
			target = 224BD2B62D530BD600E32DBB /* Engine */;
			targetProxy = 224BD2C02D530BD600E32DBB /* PBXContainerItemProxy */;
		};
		224BD2C32D530BD600E32DBB /* PBXTargetDependency */ = {
			isa = PBXTargetDependency;
			target = 22B378C72CF92D4B000B72E9 /* VideoFactory */;
			targetProxy = 224BD2C22D530BD600E32DBB /* PBXContainerItemProxy */;
		};
		224BD2C92D530BD600E32DBB /* PBXTargetDependency */ = {
			isa = PBXTargetDependency;
			target = 224BD2B62D530BD600E32DBB /* Engine */;
			targetProxy = 224BD2C82D530BD600E32DBB /* PBXContainerItemProxy */;
		};
		22B378DD2CF92D4C000B72E9 /* PBXTargetDependency */ = {
			isa = PBXTargetDependency;
			target = 22B378C72CF92D4B000B72E9 /* VideoFactory */;
			targetProxy = 22B378DC2CF92D4C000B72E9 /* PBXContainerItemProxy */;
		};
		22B378E72CF92D4C000B72E9 /* PBXTargetDependency */ = {
			isa = PBXTargetDependency;
			target = 22B378C72CF92D4B000B72E9 /* VideoFactory */;
			targetProxy = 22B378E62CF92D4C000B72E9 /* PBXContainerItemProxy */;
		};
/* End PBXTargetDependency section */

/* Begin XCBuildConfiguration section */
		220A79772D05940E000A6269 /* Debug */ = {
			isa = XCBuildConfiguration;
			buildSettings = {
				BUILD_LIBRARY_FOR_DISTRIBUTION = YES;
				CODE_SIGN_IDENTITY = "";
				CODE_SIGN_STYLE = Automatic;
				COMBINE_HIDPI_IMAGES = YES;
				CURRENT_PROJECT_VERSION = 1;
				DEAD_CODE_STRIPPING = YES;
				DEFINES_MODULE = YES;
				DEVELOPMENT_TEAM = M8AWJZ5N68;
				DYLIB_COMPATIBILITY_VERSION = 1;
				DYLIB_CURRENT_VERSION = 1;
				DYLIB_INSTALL_NAME_BASE = "@rpath";
				ENABLE_MODULE_VERIFIER = YES;
				GENERATE_INFOPLIST_FILE = YES;
				INFOPLIST_KEY_NSHumanReadableCopyright = "";
				INSTALL_PATH = "$(LOCAL_LIBRARY_DIR)/Frameworks";
				LD_RUNPATH_SEARCH_PATHS = (
					"$(inherited)",
					"@executable_path/../Frameworks",
					"@loader_path/Frameworks",
				);
				MARKETING_VERSION = 1.0;
				MODULE_VERIFIER_SUPPORTED_LANGUAGES = "objective-c objective-c++";
				MODULE_VERIFIER_SUPPORTED_LANGUAGE_STANDARDS = "gnu17 gnu++20";
				PRODUCT_BUNDLE_IDENTIFIER = com.sekiroc.UI;
				PRODUCT_NAME = "$(TARGET_NAME:c99extidentifier)";
				SKIP_INSTALL = YES;
				SWIFT_EMIT_LOC_STRINGS = YES;
				SWIFT_INSTALL_OBJC_HEADER = NO;
				SWIFT_VERSION = 5.0;
				VERSIONING_SYSTEM = "apple-generic";
				VERSION_INFO_PREFIX = "";
			};
			name = Debug;
		};
		220A79782D05940E000A6269 /* Release */ = {
			isa = XCBuildConfiguration;
			buildSettings = {
				BUILD_LIBRARY_FOR_DISTRIBUTION = YES;
				CODE_SIGN_IDENTITY = "";
				CODE_SIGN_STYLE = Automatic;
				COMBINE_HIDPI_IMAGES = YES;
				CURRENT_PROJECT_VERSION = 1;
				DEAD_CODE_STRIPPING = YES;
				DEFINES_MODULE = YES;
				DEVELOPMENT_TEAM = M8AWJZ5N68;
				DYLIB_COMPATIBILITY_VERSION = 1;
				DYLIB_CURRENT_VERSION = 1;
				DYLIB_INSTALL_NAME_BASE = "@rpath";
				ENABLE_MODULE_VERIFIER = YES;
				GENERATE_INFOPLIST_FILE = YES;
				INFOPLIST_KEY_NSHumanReadableCopyright = "";
				INSTALL_PATH = "$(LOCAL_LIBRARY_DIR)/Frameworks";
				LD_RUNPATH_SEARCH_PATHS = (
					"$(inherited)",
					"@executable_path/../Frameworks",
					"@loader_path/Frameworks",
				);
				MARKETING_VERSION = 1.0;
				MODULE_VERIFIER_SUPPORTED_LANGUAGES = "objective-c objective-c++";
				MODULE_VERIFIER_SUPPORTED_LANGUAGE_STANDARDS = "gnu17 gnu++20";
				PRODUCT_BUNDLE_IDENTIFIER = com.sekiroc.UI;
				PRODUCT_NAME = "$(TARGET_NAME:c99extidentifier)";
				SKIP_INSTALL = YES;
				SWIFT_EMIT_LOC_STRINGS = YES;
				SWIFT_INSTALL_OBJC_HEADER = NO;
				SWIFT_VERSION = 5.0;
				VERSIONING_SYSTEM = "apple-generic";
				VERSION_INFO_PREFIX = "";
			};
			name = Release;
		};
		220A797B2D05940E000A6269 /* Debug */ = {
			isa = XCBuildConfiguration;
			buildSettings = {
				CODE_SIGN_STYLE = Automatic;
				CURRENT_PROJECT_VERSION = 1;
				DEAD_CODE_STRIPPING = YES;
				DEVELOPMENT_TEAM = M8AWJZ5N68;
				GENERATE_INFOPLIST_FILE = YES;
				MARKETING_VERSION = 1.0;
				PRODUCT_BUNDLE_IDENTIFIER = com.sekiroc.UITests;
				PRODUCT_NAME = "$(TARGET_NAME)";
				SWIFT_EMIT_LOC_STRINGS = NO;
				SWIFT_VERSION = 5.0;
				TEST_HOST = "$(BUILT_PRODUCTS_DIR)/VideoFactory.app/$(BUNDLE_EXECUTABLE_FOLDER_PATH)/VideoFactory";
			};
			name = Debug;
		};
		220A797C2D05940E000A6269 /* Release */ = {
			isa = XCBuildConfiguration;
			buildSettings = {
				CODE_SIGN_STYLE = Automatic;
				CURRENT_PROJECT_VERSION = 1;
				DEAD_CODE_STRIPPING = YES;
				DEVELOPMENT_TEAM = M8AWJZ5N68;
				GENERATE_INFOPLIST_FILE = YES;
				MARKETING_VERSION = 1.0;
				PRODUCT_BUNDLE_IDENTIFIER = com.sekiroc.UITests;
				PRODUCT_NAME = "$(TARGET_NAME)";
				SWIFT_EMIT_LOC_STRINGS = NO;
				SWIFT_VERSION = 5.0;
				TEST_HOST = "$(BUILT_PRODUCTS_DIR)/VideoFactory.app/$(BUNDLE_EXECUTABLE_FOLDER_PATH)/VideoFactory";
			};
			name = Release;
		};
		224563CA2D073B210059242D /* Debug */ = {
			isa = XCBuildConfiguration;
			buildSettings = {
				BUILD_LIBRARY_FOR_DISTRIBUTION = YES;
				CODE_SIGN_IDENTITY = "";
				CODE_SIGN_STYLE = Automatic;
				COMBINE_HIDPI_IMAGES = YES;
				CURRENT_PROJECT_VERSION = 1;
				DEAD_CODE_STRIPPING = YES;
				DEFINES_MODULE = YES;
				DEVELOPMENT_TEAM = M8AWJZ5N68;
				DYLIB_COMPATIBILITY_VERSION = 1;
				DYLIB_CURRENT_VERSION = 1;
				DYLIB_INSTALL_NAME_BASE = "@rpath";
				ENABLE_MODULE_VERIFIER = YES;
				GENERATE_INFOPLIST_FILE = YES;
				INFOPLIST_KEY_NSHumanReadableCopyright = "";
				INSTALL_PATH = "$(LOCAL_LIBRARY_DIR)/Frameworks";
				LD_RUNPATH_SEARCH_PATHS = (
					"$(inherited)",
					"@executable_path/../Frameworks",
					"@loader_path/Frameworks",
				);
				LIBRARY_SEARCH_PATHS = (
					"$(inherited)",
					"$(PROJECT_DIR)/ExternalTools/whis-engine/_internal/av/.dylibs",
					"$(PROJECT_DIR)/ExternalTools/whis-engine/_internal",
					"$(PROJECT_DIR)/ExternalTools/whis-engine/_internal/onnxruntime/capi",
					"$(PROJECT_DIR)/ExternalTools/whis-engine/_internal/_sounddevice_data/portaudio-binaries",
					"$(PROJECT_DIR)/ExternalTools/whis-engine/_internal/ctranslate2/.dylibs",
					"$(PROJECT_DIR)/ExternalTools/whis-engine/_internal/tokenizers",
				);
				MARKETING_VERSION = 1.0;
				MODULE_VERIFIER_SUPPORTED_LANGUAGES = "objective-c objective-c++";
				MODULE_VERIFIER_SUPPORTED_LANGUAGE_STANDARDS = "gnu17 gnu++20";
				PRODUCT_BUNDLE_IDENTIFIER = com.sekiroc.Common;
				PRODUCT_NAME = "$(TARGET_NAME:c99extidentifier)";
				SKIP_INSTALL = YES;
				SWIFT_EMIT_LOC_STRINGS = YES;
				SWIFT_INSTALL_OBJC_HEADER = NO;
				SWIFT_VERSION = 5.0;
				VERSIONING_SYSTEM = "apple-generic";
				VERSION_INFO_PREFIX = "";
			};
			name = Debug;
		};
		224563CB2D073B210059242D /* Release */ = {
			isa = XCBuildConfiguration;
			buildSettings = {
				BUILD_LIBRARY_FOR_DISTRIBUTION = YES;
				CODE_SIGN_IDENTITY = "";
				CODE_SIGN_STYLE = Automatic;
				COMBINE_HIDPI_IMAGES = YES;
				CURRENT_PROJECT_VERSION = 1;
				DEAD_CODE_STRIPPING = YES;
				DEFINES_MODULE = YES;
				DEVELOPMENT_TEAM = M8AWJZ5N68;
				DYLIB_COMPATIBILITY_VERSION = 1;
				DYLIB_CURRENT_VERSION = 1;
				DYLIB_INSTALL_NAME_BASE = "@rpath";
				ENABLE_MODULE_VERIFIER = YES;
				GENERATE_INFOPLIST_FILE = YES;
				INFOPLIST_KEY_NSHumanReadableCopyright = "";
				INSTALL_PATH = "$(LOCAL_LIBRARY_DIR)/Frameworks";
				LD_RUNPATH_SEARCH_PATHS = (
					"$(inherited)",
					"@executable_path/../Frameworks",
					"@loader_path/Frameworks",
				);
				LIBRARY_SEARCH_PATHS = (
					"$(inherited)",
					"$(PROJECT_DIR)/ExternalTools/whis-engine/_internal/av/.dylibs",
					"$(PROJECT_DIR)/ExternalTools/whis-engine/_internal",
					"$(PROJECT_DIR)/ExternalTools/whis-engine/_internal/onnxruntime/capi",
					"$(PROJECT_DIR)/ExternalTools/whis-engine/_internal/_sounddevice_data/portaudio-binaries",
					"$(PROJECT_DIR)/ExternalTools/whis-engine/_internal/ctranslate2/.dylibs",
					"$(PROJECT_DIR)/ExternalTools/whis-engine/_internal/tokenizers",
				);
				MARKETING_VERSION = 1.0;
				MODULE_VERIFIER_SUPPORTED_LANGUAGES = "objective-c objective-c++";
				MODULE_VERIFIER_SUPPORTED_LANGUAGE_STANDARDS = "gnu17 gnu++20";
				PRODUCT_BUNDLE_IDENTIFIER = com.sekiroc.Common;
				PRODUCT_NAME = "$(TARGET_NAME:c99extidentifier)";
				SKIP_INSTALL = YES;
				SWIFT_EMIT_LOC_STRINGS = YES;
				SWIFT_INSTALL_OBJC_HEADER = NO;
				SWIFT_VERSION = 5.0;
				VERSIONING_SYSTEM = "apple-generic";
				VERSION_INFO_PREFIX = "";
			};
			name = Release;
		};
		224563CD2D073B210059242D /* Debug */ = {
			isa = XCBuildConfiguration;
			buildSettings = {
				CODE_SIGN_STYLE = Automatic;
				CURRENT_PROJECT_VERSION = 1;
				DEAD_CODE_STRIPPING = YES;
				DEVELOPMENT_TEAM = M8AWJZ5N68;
				GENERATE_INFOPLIST_FILE = YES;
				MARKETING_VERSION = 1.0;
				PRODUCT_BUNDLE_IDENTIFIER = com.sekiroc.CommonTests;
				PRODUCT_NAME = "$(TARGET_NAME)";
				SWIFT_EMIT_LOC_STRINGS = NO;
				SWIFT_VERSION = 5.0;
				TEST_HOST = "$(BUILT_PRODUCTS_DIR)/VideoFactory.app/$(BUNDLE_EXECUTABLE_FOLDER_PATH)/VideoFactory";
			};
			name = Debug;
		};
		224563CE2D073B210059242D /* Release */ = {
			isa = XCBuildConfiguration;
			buildSettings = {
				CODE_SIGN_STYLE = Automatic;
				CURRENT_PROJECT_VERSION = 1;
				DEAD_CODE_STRIPPING = YES;
				DEVELOPMENT_TEAM = M8AWJZ5N68;
				GENERATE_INFOPLIST_FILE = YES;
				MARKETING_VERSION = 1.0;
				PRODUCT_BUNDLE_IDENTIFIER = com.sekiroc.CommonTests;
				PRODUCT_NAME = "$(TARGET_NAME)";
				SWIFT_EMIT_LOC_STRINGS = NO;
				SWIFT_VERSION = 5.0;
				TEST_HOST = "$(BUILT_PRODUCTS_DIR)/VideoFactory.app/$(BUNDLE_EXECUTABLE_FOLDER_PATH)/VideoFactory";
			};
			name = Release;
		};
		224BD2CD2D530BD600E32DBB /* Debug */ = {
			isa = XCBuildConfiguration;
			buildSettings = {
				BUILD_LIBRARY_FOR_DISTRIBUTION = YES;
				CLANG_ENABLE_MODULES = YES;
				CODE_SIGN_STYLE = Automatic;
				COMBINE_HIDPI_IMAGES = YES;
				CURRENT_PROJECT_VERSION = 1;
				DEFINES_MODULE = YES;
				DEVELOPMENT_TEAM = M8AWJZ5N68;
				DYLIB_COMPATIBILITY_VERSION = 1;
				DYLIB_CURRENT_VERSION = 1;
				DYLIB_INSTALL_NAME_BASE = "@rpath";
				ENABLE_MODULE_VERIFIER = YES;
				GENERATE_INFOPLIST_FILE = YES;
				HEADER_SEARCH_PATHS = (
					/opt/homebrew/include,
					"$(PROJECT_DIR)/Engine",
					"$(PROJECT_DIR)/Engine/audio-processor/cpp-channel/include",
				);
				INFOPLIST_KEY_NSHumanReadableCopyright = "";
				INSTALL_PATH = "$(LOCAL_LIBRARY_DIR)/Frameworks";
				LD_RUNPATH_SEARCH_PATHS = (
					"$(inherited)",
					"@executable_path/../Frameworks",
					"@loader_path/Frameworks",
				);
				LIBRARY_SEARCH_PATHS = (
					"$(inherited)",
					/opt/homebrew/lib,
				);
				MACOSX_DEPLOYMENT_TARGET = 15.0;
				MARKETING_VERSION = 1.0;
				MODULE_VERIFIER_SUPPORTED_LANGUAGES = "objective-c objective-c++";
				MODULE_VERIFIER_SUPPORTED_LANGUAGE_STANDARDS = "gnu17 gnu++20";
				OTHER_LDFLAGS = (
					"-lavformat",
					"-lavcodec",
					"-lavutil",
					"-lswscale",
					"-lswresample",
				);
				PRODUCT_BUNDLE_IDENTIFIER = com.sekiroc.Engine;
				PRODUCT_NAME = "$(TARGET_NAME:c99extidentifier)";
				SKIP_INSTALL = YES;
				SWIFT_EMIT_LOC_STRINGS = YES;
				SWIFT_OBJC_INTEROP_MODE = objcxx;
				SWIFT_OPTIMIZATION_LEVEL = "-Onone";
				SWIFT_VERSION = 5.0;
				USER_HEADER_SEARCH_PATHS = "";
				VERSIONING_SYSTEM = "apple-generic";
				VERSION_INFO_PREFIX = "";
			};
			name = Debug;
		};
		224BD2CE2D530BD600E32DBB /* Release */ = {
			isa = XCBuildConfiguration;
			buildSettings = {
				BUILD_LIBRARY_FOR_DISTRIBUTION = YES;
				CLANG_ENABLE_MODULES = YES;
				CODE_SIGN_STYLE = Automatic;
				COMBINE_HIDPI_IMAGES = YES;
				CURRENT_PROJECT_VERSION = 1;
				DEFINES_MODULE = YES;
				DEVELOPMENT_TEAM = M8AWJZ5N68;
				DYLIB_COMPATIBILITY_VERSION = 1;
				DYLIB_CURRENT_VERSION = 1;
				DYLIB_INSTALL_NAME_BASE = "@rpath";
				ENABLE_MODULE_VERIFIER = YES;
				GENERATE_INFOPLIST_FILE = YES;
				HEADER_SEARCH_PATHS = (
					/opt/homebrew/include,
					"$(PROJECT_DIR)/Engine",
					"$(PROJECT_DIR)/Engine/audio-processor/cpp-channel/include",
				);
				INFOPLIST_KEY_NSHumanReadableCopyright = "";
				INSTALL_PATH = "$(LOCAL_LIBRARY_DIR)/Frameworks";
				LD_RUNPATH_SEARCH_PATHS = (
					"$(inherited)",
					"@executable_path/../Frameworks",
					"@loader_path/Frameworks",
				);
				LIBRARY_SEARCH_PATHS = (
					"$(inherited)",
					/opt/homebrew/lib,
				);
				MACOSX_DEPLOYMENT_TARGET = 15.0;
				MARKETING_VERSION = 1.0;
				MODULE_VERIFIER_SUPPORTED_LANGUAGES = "objective-c objective-c++";
				MODULE_VERIFIER_SUPPORTED_LANGUAGE_STANDARDS = "gnu17 gnu++20";
				OTHER_LDFLAGS = (
					"-lavformat",
					"-lavcodec",
					"-lavutil",
					"-lswscale",
					"-lswresample",
				);
				PRODUCT_BUNDLE_IDENTIFIER = com.sekiroc.Engine;
				PRODUCT_NAME = "$(TARGET_NAME:c99extidentifier)";
				SKIP_INSTALL = YES;
				SWIFT_EMIT_LOC_STRINGS = YES;
				SWIFT_OBJC_INTEROP_MODE = objcxx;
				SWIFT_VERSION = 5.0;
				USER_HEADER_SEARCH_PATHS = "";
				VERSIONING_SYSTEM = "apple-generic";
				VERSION_INFO_PREFIX = "";
			};
			name = Release;
		};
		224BD2D12D530BD600E32DBB /* Debug */ = {
			isa = XCBuildConfiguration;
			buildSettings = {
				CODE_SIGN_STYLE = Automatic;
				CURRENT_PROJECT_VERSION = 1;
				DEVELOPMENT_TEAM = M8AWJZ5N68;
				GENERATE_INFOPLIST_FILE = YES;
				MACOSX_DEPLOYMENT_TARGET = 15.2;
				MARKETING_VERSION = 1.0;
				PRODUCT_BUNDLE_IDENTIFIER = com.sekiroc.EngineTests;
				PRODUCT_NAME = "$(TARGET_NAME)";
				SWIFT_EMIT_LOC_STRINGS = NO;
				SWIFT_VERSION = 5.0;
				TEST_HOST = "$(BUILT_PRODUCTS_DIR)/VideoFactory.app/$(BUNDLE_EXECUTABLE_FOLDER_PATH)/VideoFactory";
			};
			name = Debug;
		};
		224BD2D22D530BD600E32DBB /* Release */ = {
			isa = XCBuildConfiguration;
			buildSettings = {
				CODE_SIGN_STYLE = Automatic;
				CURRENT_PROJECT_VERSION = 1;
				DEVELOPMENT_TEAM = M8AWJZ5N68;
				GENERATE_INFOPLIST_FILE = YES;
				MACOSX_DEPLOYMENT_TARGET = 15.2;
				MARKETING_VERSION = 1.0;
				PRODUCT_BUNDLE_IDENTIFIER = com.sekiroc.EngineTests;
				PRODUCT_NAME = "$(TARGET_NAME)";
				SWIFT_EMIT_LOC_STRINGS = NO;
				SWIFT_VERSION = 5.0;
				TEST_HOST = "$(BUILT_PRODUCTS_DIR)/VideoFactory.app/$(BUNDLE_EXECUTABLE_FOLDER_PATH)/VideoFactory";
			};
			name = Release;
		};
		22B378ED2CF92D4C000B72E9 /* Debug */ = {
			isa = XCBuildConfiguration;
			buildSettings = {
				ALWAYS_SEARCH_USER_PATHS = NO;
				ASSETCATALOG_COMPILER_GENERATE_SWIFT_ASSET_SYMBOL_EXTENSIONS = YES;
				CLANG_ANALYZER_NONNULL = YES;
				CLANG_ANALYZER_NUMBER_OBJECT_CONVERSION = YES_AGGRESSIVE;
				CLANG_CXX_LANGUAGE_STANDARD = "gnu++20";
				CLANG_ENABLE_MODULES = YES;
				CLANG_ENABLE_OBJC_ARC = YES;
				CLANG_ENABLE_OBJC_WEAK = YES;
				CLANG_WARN_BLOCK_CAPTURE_AUTORELEASING = YES;
				CLANG_WARN_BOOL_CONVERSION = YES;
				CLANG_WARN_COMMA = YES;
				CLANG_WARN_CONSTANT_CONVERSION = YES;
				CLANG_WARN_DEPRECATED_OBJC_IMPLEMENTATIONS = YES;
				CLANG_WARN_DIRECT_OBJC_ISA_USAGE = YES_ERROR;
				CLANG_WARN_DOCUMENTATION_COMMENTS = YES;
				CLANG_WARN_EMPTY_BODY = YES;
				CLANG_WARN_ENUM_CONVERSION = YES;
				CLANG_WARN_INFINITE_RECURSION = YES;
				CLANG_WARN_INT_CONVERSION = YES;
				CLANG_WARN_NON_LITERAL_NULL_CONVERSION = YES;
				CLANG_WARN_OBJC_IMPLICIT_RETAIN_SELF = YES;
				CLANG_WARN_OBJC_LITERAL_CONVERSION = YES;
				CLANG_WARN_OBJC_ROOT_CLASS = YES_ERROR;
				CLANG_WARN_QUOTED_INCLUDE_IN_FRAMEWORK_HEADER = YES;
				CLANG_WARN_RANGE_LOOP_ANALYSIS = YES;
				CLANG_WARN_STRICT_PROTOTYPES = YES;
				CLANG_WARN_SUSPICIOUS_MOVE = YES;
				CLANG_WARN_UNGUARDED_AVAILABILITY = YES_AGGRESSIVE;
				CLANG_WARN_UNREACHABLE_CODE = YES;
				CLANG_WARN__DUPLICATE_METHOD_MATCH = YES;
				COPY_PHASE_STRIP = NO;
				DEAD_CODE_STRIPPING = YES;
				DEBUG_INFORMATION_FORMAT = dwarf;
				ENABLE_STRICT_OBJC_MSGSEND = YES;
				ENABLE_TESTABILITY = YES;
				ENABLE_USER_SCRIPT_SANDBOXING = YES;
				GCC_C_LANGUAGE_STANDARD = gnu17;
				GCC_DYNAMIC_NO_PIC = NO;
				GCC_NO_COMMON_BLOCKS = YES;
				GCC_OPTIMIZATION_LEVEL = 0;
				GCC_PREPROCESSOR_DEFINITIONS = (
					"DEBUG=1",
					"$(inherited)",
				);
				GCC_WARN_64_TO_32_BIT_CONVERSION = YES;
				GCC_WARN_ABOUT_RETURN_TYPE = YES_ERROR;
				GCC_WARN_UNDECLARED_SELECTOR = YES;
				GCC_WARN_UNINITIALIZED_AUTOS = YES_AGGRESSIVE;
				GCC_WARN_UNUSED_FUNCTION = YES;
				GCC_WARN_UNUSED_VARIABLE = YES;
				LOCALIZATION_PREFERS_STRING_CATALOGS = YES;
				MACOSX_DEPLOYMENT_TARGET = 15.1;
				MODULE_VERIFIER_SUPPORTED_LANGUAGES = "objective-c++";
				MTL_ENABLE_DEBUG_INFO = INCLUDE_SOURCE;
				MTL_FAST_MATH = YES;
				ONLY_ACTIVE_ARCH = YES;
				SDKROOT = macosx;
				SWIFT_ACTIVE_COMPILATION_CONDITIONS = "DEBUG $(inherited)";
				SWIFT_OBJC_INTEROP_MODE = objcxx;
				SWIFT_OPTIMIZATION_LEVEL = "-Onone";
			};
			name = Debug;
		};
		22B378EE2CF92D4C000B72E9 /* Release */ = {
			isa = XCBuildConfiguration;
			buildSettings = {
				ALWAYS_SEARCH_USER_PATHS = NO;
				ASSETCATALOG_COMPILER_GENERATE_SWIFT_ASSET_SYMBOL_EXTENSIONS = YES;
				CLANG_ANALYZER_NONNULL = YES;
				CLANG_ANALYZER_NUMBER_OBJECT_CONVERSION = YES_AGGRESSIVE;
				CLANG_CXX_LANGUAGE_STANDARD = "gnu++20";
				CLANG_ENABLE_MODULES = YES;
				CLANG_ENABLE_OBJC_ARC = YES;
				CLANG_ENABLE_OBJC_WEAK = YES;
				CLANG_WARN_BLOCK_CAPTURE_AUTORELEASING = YES;
				CLANG_WARN_BOOL_CONVERSION = YES;
				CLANG_WARN_COMMA = YES;
				CLANG_WARN_CONSTANT_CONVERSION = YES;
				CLANG_WARN_DEPRECATED_OBJC_IMPLEMENTATIONS = YES;
				CLANG_WARN_DIRECT_OBJC_ISA_USAGE = YES_ERROR;
				CLANG_WARN_DOCUMENTATION_COMMENTS = YES;
				CLANG_WARN_EMPTY_BODY = YES;
				CLANG_WARN_ENUM_CONVERSION = YES;
				CLANG_WARN_INFINITE_RECURSION = YES;
				CLANG_WARN_INT_CONVERSION = YES;
				CLANG_WARN_NON_LITERAL_NULL_CONVERSION = YES;
				CLANG_WARN_OBJC_IMPLICIT_RETAIN_SELF = YES;
				CLANG_WARN_OBJC_LITERAL_CONVERSION = YES;
				CLANG_WARN_OBJC_ROOT_CLASS = YES_ERROR;
				CLANG_WARN_QUOTED_INCLUDE_IN_FRAMEWORK_HEADER = YES;
				CLANG_WARN_RANGE_LOOP_ANALYSIS = YES;
				CLANG_WARN_STRICT_PROTOTYPES = YES;
				CLANG_WARN_SUSPICIOUS_MOVE = YES;
				CLANG_WARN_UNGUARDED_AVAILABILITY = YES_AGGRESSIVE;
				CLANG_WARN_UNREACHABLE_CODE = YES;
				CLANG_WARN__DUPLICATE_METHOD_MATCH = YES;
				COPY_PHASE_STRIP = NO;
				DEAD_CODE_STRIPPING = YES;
				DEBUG_INFORMATION_FORMAT = "dwarf-with-dsym";
				ENABLE_NS_ASSERTIONS = NO;
				ENABLE_STRICT_OBJC_MSGSEND = YES;
				ENABLE_USER_SCRIPT_SANDBOXING = YES;
				GCC_C_LANGUAGE_STANDARD = gnu17;
				GCC_NO_COMMON_BLOCKS = YES;
				GCC_WARN_64_TO_32_BIT_CONVERSION = YES;
				GCC_WARN_ABOUT_RETURN_TYPE = YES_ERROR;
				GCC_WARN_UNDECLARED_SELECTOR = YES;
				GCC_WARN_UNINITIALIZED_AUTOS = YES_AGGRESSIVE;
				GCC_WARN_UNUSED_FUNCTION = YES;
				GCC_WARN_UNUSED_VARIABLE = YES;
				LOCALIZATION_PREFERS_STRING_CATALOGS = YES;
				MACOSX_DEPLOYMENT_TARGET = 15.1;
				MODULE_VERIFIER_SUPPORTED_LANGUAGES = "objective-c++";
				MTL_ENABLE_DEBUG_INFO = NO;
				MTL_FAST_MATH = YES;
				SDKROOT = macosx;
				SWIFT_COMPILATION_MODE = wholemodule;
				SWIFT_OBJC_INTEROP_MODE = objcxx;
			};
			name = Release;
		};
		22B378F02CF92D4C000B72E9 /* Debug */ = {
			isa = XCBuildConfiguration;
			buildSettings = {
				ASSETCATALOG_COMPILER_APPICON_NAME = AppIcon;
				ASSETCATALOG_COMPILER_GLOBAL_ACCENT_COLOR_NAME = AccentColor;
				CLANG_ALLOW_NON_MODULAR_INCLUDES_IN_FRAMEWORK_MODULES = NO;
				CLANG_CXX_LANGUAGE_STANDARD = "gnu++20";
				CLANG_ENABLE_MODULES = YES;
				CLANG_MODULES_AUTOLINK = YES;
				CODE_SIGN_ENTITLEMENTS = VideoFactory/VideoFactory.entitlements;
				"CODE_SIGN_IDENTITY[sdk=macosx*]" = "Apple Development";
				CODE_SIGN_STYLE = Automatic;
				COMBINE_HIDPI_IMAGES = YES;
				CURRENT_PROJECT_VERSION = 1;
				DEAD_CODE_STRIPPING = YES;
				DEVELOPMENT_ASSET_PATHS = "\"VideoFactory/Preview Content\"";
				DEVELOPMENT_TEAM = M8AWJZ5N68;
				ENABLE_HARDENED_RUNTIME = YES;
				ENABLE_PREVIEWS = YES;
				GCC_C_LANGUAGE_STANDARD = gnu17;
				GENERATE_INFOPLIST_FILE = YES;
				HEADER_SEARCH_PATHS = (
					/opt/homebrew/opt/mpv/include,
					"$(PROJECT_DIR)/VideoFactory/audio-processor",
					"$(PROJECT_DIR)/VideoFactory/audio-processor/cpp-channel/include",
					"$(PROJECT_DIR)/VideoFactory/audio-processor/FFmpeg-7.1/include",
				);
				INFOPLIST_KEY_NSHumanReadableCopyright = "";
				LD_RUNPATH_SEARCH_PATHS = (
					"$(inherited)",
					"@executable_path/../Frameworks",
				);
				LIBRARY_SEARCH_PATHS = (
					/opt/homebrew/opt/mpv/lib,
					/opt/homebrew/Cellar/mpv/0.39.0_1/lib,
					"$(PROJECT_DIR)",
					"$(PROJECT_DIR)/ExternalTools/whis-engine/_internal/av/.dylibs",
					"$(PROJECT_DIR)/ExternalTools/whis-engine/_internal",
					"$(PROJECT_DIR)/ExternalTools/whis-engine/_internal/_sounddevice_data/portaudio-binaries",
					"$(PROJECT_DIR)/ExternalTools/whis-engine/_internal/ctranslate2/.dylibs",
					"$(PROJECT_DIR)/ExternalTools/whis-engine/_internal/onnxruntime/capi",
					"$(PROJECT_DIR)/ExternalTools/whis-engine/_internal/tokenizers",
					"$(PROJECT_DIR)/VideoFactory/audio-processor/FFmpeg-7.1/lib",
				);
				MACOSX_DEPLOYMENT_TARGET = 14.0;
				MARKETING_VERSION = 1.0;
				OTHER_CPLUSPLUSFLAGS = "$(OTHER_CFLAGS)";
				PRODUCT_BUNDLE_IDENTIFIER = com.sekiroc.VideoFactory;
				PRODUCT_NAME = "$(TARGET_NAME)";
				SWIFT_EMIT_LOC_STRINGS = YES;
				SWIFT_OBJC_BRIDGING_HEADER = "VideoFactory/Bridge/VideoFactory-Bridging-Header.h";
				SWIFT_OBJC_INTEROP_MODE = objc;
				SWIFT_OPTIMIZATION_LEVEL = "-Onone";
				SWIFT_VERSION = 5.0;
			};
			name = Debug;
		};
		22B378F12CF92D4C000B72E9 /* Release */ = {
			isa = XCBuildConfiguration;
			buildSettings = {
				ASSETCATALOG_COMPILER_APPICON_NAME = AppIcon;
				ASSETCATALOG_COMPILER_GLOBAL_ACCENT_COLOR_NAME = AccentColor;
				CLANG_ALLOW_NON_MODULAR_INCLUDES_IN_FRAMEWORK_MODULES = NO;
				CLANG_CXX_LANGUAGE_STANDARD = "gnu++20";
				CLANG_ENABLE_MODULES = YES;
				CLANG_MODULES_AUTOLINK = YES;
				CODE_SIGN_ENTITLEMENTS = VideoFactory/VideoFactory.entitlements;
				"CODE_SIGN_IDENTITY[sdk=macosx*]" = "Apple Development";
				CODE_SIGN_STYLE = Automatic;
				COMBINE_HIDPI_IMAGES = YES;
				CURRENT_PROJECT_VERSION = 1;
				DEAD_CODE_STRIPPING = YES;
				DEVELOPMENT_ASSET_PATHS = "\"VideoFactory/Preview Content\"";
				DEVELOPMENT_TEAM = M8AWJZ5N68;
				ENABLE_HARDENED_RUNTIME = YES;
				ENABLE_PREVIEWS = YES;
				GCC_C_LANGUAGE_STANDARD = gnu17;
				GENERATE_INFOPLIST_FILE = YES;
				HEADER_SEARCH_PATHS = (
					/opt/homebrew/opt/mpv/include,
					"$(PROJECT_DIR)/VideoFactory/audio-processor",
					"$(PROJECT_DIR)/VideoFactory/audio-processor/cpp-channel/include",
					"$(PROJECT_DIR)/VideoFactory/audio-processor/FFmpeg-7.1/include",
				);
				INFOPLIST_KEY_NSHumanReadableCopyright = "";
				LD_RUNPATH_SEARCH_PATHS = (
					"$(inherited)",
					"@executable_path/../Frameworks",
				);
				LIBRARY_SEARCH_PATHS = (
					/opt/homebrew/opt/mpv/lib,
					/opt/homebrew/Cellar/mpv/0.39.0_1/lib,
					"$(PROJECT_DIR)",
					"$(PROJECT_DIR)/ExternalTools/whis-engine/_internal/av/.dylibs",
					"$(PROJECT_DIR)/ExternalTools/whis-engine/_internal",
					"$(PROJECT_DIR)/ExternalTools/whis-engine/_internal/_sounddevice_data/portaudio-binaries",
					"$(PROJECT_DIR)/ExternalTools/whis-engine/_internal/ctranslate2/.dylibs",
					"$(PROJECT_DIR)/ExternalTools/whis-engine/_internal/onnxruntime/capi",
					"$(PROJECT_DIR)/ExternalTools/whis-engine/_internal/tokenizers",
					"$(PROJECT_DIR)/VideoFactory/audio-processor/FFmpeg-7.1/lib",
				);
				MACOSX_DEPLOYMENT_TARGET = 14.0;
				MARKETING_VERSION = 1.0;
				OTHER_CPLUSPLUSFLAGS = "$(OTHER_CFLAGS)";
				PRODUCT_BUNDLE_IDENTIFIER = com.sekiroc.VideoFactory;
				PRODUCT_NAME = "$(TARGET_NAME)";
				SWIFT_EMIT_LOC_STRINGS = YES;
				SWIFT_OBJC_BRIDGING_HEADER = "VideoFactory/Bridge/VideoFactory-Bridging-Header.h";
				SWIFT_OBJC_INTEROP_MODE = objc;
				SWIFT_VERSION = 5.0;
			};
			name = Release;
		};
		22B378F32CF92D4C000B72E9 /* Debug */ = {
			isa = XCBuildConfiguration;
			buildSettings = {
				BUNDLE_LOADER = "$(TEST_HOST)";
				CODE_SIGN_STYLE = Automatic;
				CURRENT_PROJECT_VERSION = 1;
				DEAD_CODE_STRIPPING = YES;
				DEVELOPMENT_TEAM = M8AWJZ5N68;
				GENERATE_INFOPLIST_FILE = YES;
				MACOSX_DEPLOYMENT_TARGET = 14.0;
				MARKETING_VERSION = 1.0;
				PRODUCT_BUNDLE_IDENTIFIER = com.sekiroc.VideoFactoryTests;
				PRODUCT_NAME = "$(TARGET_NAME)";
				SWIFT_EMIT_LOC_STRINGS = NO;
				SWIFT_VERSION = 5.0;
				TEST_HOST = "$(BUILT_PRODUCTS_DIR)/VideoFactory.app/$(BUNDLE_EXECUTABLE_FOLDER_PATH)/VideoFactory";
			};
			name = Debug;
		};
		22B378F42CF92D4C000B72E9 /* Release */ = {
			isa = XCBuildConfiguration;
			buildSettings = {
				BUNDLE_LOADER = "$(TEST_HOST)";
				CODE_SIGN_STYLE = Automatic;
				CURRENT_PROJECT_VERSION = 1;
				DEAD_CODE_STRIPPING = YES;
				DEVELOPMENT_TEAM = M8AWJZ5N68;
				GENERATE_INFOPLIST_FILE = YES;
				MACOSX_DEPLOYMENT_TARGET = 14.0;
				MARKETING_VERSION = 1.0;
				PRODUCT_BUNDLE_IDENTIFIER = com.sekiroc.VideoFactoryTests;
				PRODUCT_NAME = "$(TARGET_NAME)";
				SWIFT_EMIT_LOC_STRINGS = NO;
				SWIFT_VERSION = 5.0;
				TEST_HOST = "$(BUILT_PRODUCTS_DIR)/VideoFactory.app/$(BUNDLE_EXECUTABLE_FOLDER_PATH)/VideoFactory";
			};
			name = Release;
		};
		22B378F62CF92D4C000B72E9 /* Debug */ = {
			isa = XCBuildConfiguration;
			buildSettings = {
				CODE_SIGN_STYLE = Automatic;
				CURRENT_PROJECT_VERSION = 1;
				DEAD_CODE_STRIPPING = YES;
				DEVELOPMENT_TEAM = M8AWJZ5N68;
				GENERATE_INFOPLIST_FILE = YES;
				MARKETING_VERSION = 1.0;
				PRODUCT_BUNDLE_IDENTIFIER = com.sekiroc.VideoFactoryUITests;
				PRODUCT_NAME = "$(TARGET_NAME)";
				SWIFT_EMIT_LOC_STRINGS = NO;
				SWIFT_VERSION = 5.0;
				TEST_TARGET_NAME = VideoFactory;
			};
			name = Debug;
		};
		22B378F72CF92D4C000B72E9 /* Release */ = {
			isa = XCBuildConfiguration;
			buildSettings = {
				CODE_SIGN_STYLE = Automatic;
				CURRENT_PROJECT_VERSION = 1;
				DEAD_CODE_STRIPPING = YES;
				DEVELOPMENT_TEAM = M8AWJZ5N68;
				GENERATE_INFOPLIST_FILE = YES;
				MARKETING_VERSION = 1.0;
				PRODUCT_BUNDLE_IDENTIFIER = com.sekiroc.VideoFactoryUITests;
				PRODUCT_NAME = "$(TARGET_NAME)";
				SWIFT_EMIT_LOC_STRINGS = NO;
				SWIFT_VERSION = 5.0;
				TEST_TARGET_NAME = VideoFactory;
			};
			name = Release;
		};
/* End XCBuildConfiguration section */

/* Begin XCConfigurationList section */
		220A79762D05940E000A6269 /* Build configuration list for PBXNativeTarget "UI" */ = {
			isa = XCConfigurationList;
			buildConfigurations = (
				220A79772D05940E000A6269 /* Debug */,
				220A79782D05940E000A6269 /* Release */,
			);
			defaultConfigurationIsVisible = 0;
			defaultConfigurationName = Release;
		};
		220A797A2D05940E000A6269 /* Build configuration list for PBXNativeTarget "UITests" */ = {
			isa = XCConfigurationList;
			buildConfigurations = (
				220A797B2D05940E000A6269 /* Debug */,
				220A797C2D05940E000A6269 /* Release */,
			);
			defaultConfigurationIsVisible = 0;
			defaultConfigurationName = Release;
		};
		224563C92D073B210059242D /* Build configuration list for PBXNativeTarget "Common" */ = {
			isa = XCConfigurationList;
			buildConfigurations = (
				224563CA2D073B210059242D /* Debug */,
				224563CB2D073B210059242D /* Release */,
			);
			defaultConfigurationIsVisible = 0;
			defaultConfigurationName = Release;
		};
		224563CC2D073B210059242D /* Build configuration list for PBXNativeTarget "CommonTests" */ = {
			isa = XCConfigurationList;
			buildConfigurations = (
				224563CD2D073B210059242D /* Debug */,
				224563CE2D073B210059242D /* Release */,
			);
			defaultConfigurationIsVisible = 0;
			defaultConfigurationName = Release;
		};
		224BD2CC2D530BD600E32DBB /* Build configuration list for PBXNativeTarget "Engine" */ = {
			isa = XCConfigurationList;
			buildConfigurations = (
				224BD2CD2D530BD600E32DBB /* Debug */,
				224BD2CE2D530BD600E32DBB /* Release */,
			);
			defaultConfigurationIsVisible = 0;
			defaultConfigurationName = Release;
		};
		224BD2D02D530BD600E32DBB /* Build configuration list for PBXNativeTarget "EngineTests" */ = {
			isa = XCConfigurationList;
			buildConfigurations = (
				224BD2D12D530BD600E32DBB /* Debug */,
				224BD2D22D530BD600E32DBB /* Release */,
			);
			defaultConfigurationIsVisible = 0;
			defaultConfigurationName = Release;
		};
		22B378C32CF92D4A000B72E9 /* Build configuration list for PBXProject "VideoFactory" */ = {
			isa = XCConfigurationList;
			buildConfigurations = (
				22B378ED2CF92D4C000B72E9 /* Debug */,
				22B378EE2CF92D4C000B72E9 /* Release */,
			);
			defaultConfigurationIsVisible = 0;
			defaultConfigurationName = Release;
		};
		22B378EF2CF92D4C000B72E9 /* Build configuration list for PBXNativeTarget "VideoFactory" */ = {
			isa = XCConfigurationList;
			buildConfigurations = (
				22B378F02CF92D4C000B72E9 /* Debug */,
				22B378F12CF92D4C000B72E9 /* Release */,
			);
			defaultConfigurationIsVisible = 0;
			defaultConfigurationName = Release;
		};
		22B378F22CF92D4C000B72E9 /* Build configuration list for PBXNativeTarget "VideoFactoryTests" */ = {
			isa = XCConfigurationList;
			buildConfigurations = (
				22B378F32CF92D4C000B72E9 /* Debug */,
				22B378F42CF92D4C000B72E9 /* Release */,
			);
			defaultConfigurationIsVisible = 0;
			defaultConfigurationName = Release;
		};
		22B378F52CF92D4C000B72E9 /* Build configuration list for PBXNativeTarget "VideoFactoryUITests" */ = {
			isa = XCConfigurationList;
			buildConfigurations = (
				22B378F62CF92D4C000B72E9 /* Debug */,
				22B378F72CF92D4C000B72E9 /* Release */,
			);
			defaultConfigurationIsVisible = 0;
			defaultConfigurationName = Release;
		};
/* End XCConfigurationList section */
	};
	rootObject = 22B378C02CF92D4A000B72E9 /* Project object */;
}
